
Microsoft Visual Studio Solution File, Format Version 12.00
# Visual Studio Version 17
VisualStudioVersion = 17.14.37012.4 d17.14
MinimumVisualStudioVersion = 10.0.40219.1
Project("{FAE04EC0-301F-11D3-BF4B-00C04F79EFBC}") = "Zadanie2", "Zadanie2\Zadanie2.csproj", "{FF9369B5-44BF-4F46-9832-32C1A8EEAEA4}"
EndProject
Global
	GlobalSection(SolutionConfigurationPlatforms) = preSolution
		Debug|Any CPU = Debug|Any CPU
		Release|Any CPU = Release|Any CPU
	EndGlobalSection
	GlobalSection(ProjectConfigurationPlatforms) = postSolution
		{FF9369B5-44BF-4F46-9832-32C1A8EEAEA4}.Debug|Any CPU.ActiveCfg = Debug|Any CPU
		{FF9369B5-44BF-4F46-9832-32C1A8EEAEA4}.Debug|Any CPU.Build.0 = Debug|Any CPU
		{FF9369B5-44BF-4F46-9832-32C1A8EEAEA4}.Release|Any CPU.ActiveCfg = Release|Any CPU
		{FF9369B5-44BF-4F46-9832-32C1A8EEAEA4}.Release|Any CPU.Build.0 = Release|Any CPU
	EndGlobalSection
	GlobalSection(SolutionProperties) = preSolution
		HideSolutionNode = FALSE
	EndGlobalSection
	GlobalSection(ExtensibilityGlobals) = postSolution
		SolutionGuid = {2F2B57A1-E9EA-4C7E-8E83-BB452349AE86}
	EndGlobalSection
EndGlobal
